
Microsoft Visual Studio Solution File, Format Version 12.00
# Visual Studio Version 17
VisualStudioVersion = 17.9.34728.123
MinimumVisualStudioVersion = 10.0.40219.1
Project("{FAE04EC0-301F-11D3-BF4B-00C04F79EFBC}") = "ReplaceAsset", "ReplaceAsset\ReplaceAsset.csproj", "{5E0E4F4C-4EAB-4EC1-894D-27E76994CEEC}"
EndProject
Global
	GlobalSection(SolutionConfigurationPlatforms) = preSolution
		Debug|Any CPU = Debug|Any CPU
		Release|Any CPU = Release|Any CPU
	EndGlobalSection
	GlobalSection(ProjectConfigurationPlatforms) = postSolution
		{5E0E4F4C-4EAB-4EC1-894D-27E76994CEEC}.Debug|Any CPU.ActiveCfg = Debug|Any CPU
		{5E0E4F4C-4EAB-4EC1-894D-27E76994CEEC}.Debug|Any CPU.Build.0 = Debug|Any CPU
		{5E0E4F4C-4EAB-4EC1-894D-27E76994CEEC}.Release|Any CPU.ActiveCfg = Release|Any CPU
		{5E0E4F4C-4EAB-4EC1-894D-27E76994CEEC}.Release|Any CPU.Build.0 = Release|Any CPU
	EndGlobalSection
	GlobalSection(SolutionProperties) = preSolution
		HideSolutionNode = FALSE
	EndGlobalSection
	GlobalSection(ExtensibilityGlobals) = postSolution
		SolutionGuid = {9B19A915-4C6F-417C-B3F7-8F71604B0B8A}
	EndGlobalSection
EndGlobal
